
Microsoft Visual Studio Solution File, Format Version 12.00
# Visual Studio Version 17
VisualStudioVersion = 17.0.31903.59
MinimumVisualStudioVersion = 10.0.40219.1
Project("{9A19103F-16F7-4668-BE54-9A1E7A4F7556}") = "WebUI", "src\WebUI\WebUI.csproj", "{CF3CD525-9DF9-46AC-960D-097B6B3FEF32}"
EndProject
Project("{2150E333-8FDC-42A3-9474-1A3956D46DE8}") = "src", "src", "{6CC7D749-A199-44D4-B66C-5F8502B7BA30}"
EndProject
Project("{2150E333-8FDC-42A3-9474-1A3956D46DE8}") = "tests", "tests", "{AE0F8CB8-701E-49E8-83D9-622160F9E6DF}"
EndProject
Project("{9A19103F-16F7-4668-BE54-9A1E7A4F7556}") = "Application.IntegrationTests", "tests\Application.IntegrationTests\Application.IntegrationTests.csproj", "{21AF2077-EA73-42A1-BE31-F1EB24A02F62}"
EndProject
Project("{9A19103F-16F7-4668-BE54-9A1E7A4F7556}") = "Infrastructure", "src\Infrastructure\Infrastructure.csproj", "{DDAD6F71-D835-42DB-AA05-CAD07BFDDA4E}"
EndProject
Project("{9A19103F-16F7-4668-BE54-9A1E7A4F7556}") = "Domain", "src\Domain\Domain.csproj", "{17D73993-2C03-488B-80F0-2D66CC13357B}"
EndProject
Project("{9A19103F-16F7-4668-BE54-9A1E7A4F7556}") = "Application", "src\Application\Application.csproj", "{80CBF55E-FFA9-44B3-A6AB-881E45F724F8}"
EndProject
Project("{9A19103F-16F7-4668-BE54-9A1E7A4F7556}") = "Application.UnitTests", "tests\Application.UnitTests\Application.UnitTests.csproj", "{26209752-11CF-496B-BB7F-EAD17FB0D3E5}"
EndProject
Global
	GlobalSection(SolutionConfigurationPlatforms) = preSolution
		Debug|Any CPU = Debug|Any CPU
		Release|Any CPU = Release|Any CPU
	EndGlobalSection
	GlobalSection(ProjectConfigurationPlatforms) = postSolution
		{CF3CD525-9DF9-46AC-960D-097B6B3FEF32}.Debug|Any CPU.ActiveCfg = Debug|Any CPU
		{CF3CD525-9DF9-46AC-960D-097B6B3FEF32}.Debug|Any CPU.Build.0 = Debug|Any CPU
		{CF3CD525-9DF9-46AC-960D-097B6B3FEF32}.Release|Any CPU.ActiveCfg = Release|Any CPU
		{CF3CD525-9DF9-46AC-960D-097B6B3FEF32}.Release|Any CPU.Build.0 = Release|Any CPU
		{21AF2077-EA73-42A1-BE31-F1EB24A02F62}.Debug|Any CPU.ActiveCfg = Debug|Any CPU
		{21AF2077-EA73-42A1-BE31-F1EB24A02F62}.Debug|Any CPU.Build.0 = Debug|Any CPU
		{21AF2077-EA73-42A1-BE31-F1EB24A02F62}.Release|Any CPU.ActiveCfg = Release|Any CPU
		{21AF2077-EA73-42A1-BE31-F1EB24A02F62}.Release|Any CPU.Build.0 = Release|Any CPU
		{DDAD6F71-D835-42DB-AA05-CAD07BFDDA4E}.Debug|Any CPU.ActiveCfg = Debug|Any CPU
		{DDAD6F71-D835-42DB-AA05-CAD07BFDDA4E}.Debug|Any CPU.Build.0 = Debug|Any CPU
		{DDAD6F71-D835-42DB-AA05-CAD07BFDDA4E}.Release|Any CPU.ActiveCfg = Release|Any CPU
		{DDAD6F71-D835-42DB-AA05-CAD07BFDDA4E}.Release|Any CPU.Build.0 = Release|Any CPU
		{17D73993-2C03-488B-80F0-2D66CC13357B}.Debug|Any CPU.ActiveCfg = Debug|Any CPU
		{17D73993-2C03-488B-80F0-2D66CC13357B}.Debug|Any CPU.Build.0 = Debug|Any CPU
		{17D73993-2C03-488B-80F0-2D66CC13357B}.Release|Any CPU.ActiveCfg = Release|Any CPU
		{17D73993-2C03-488B-80F0-2D66CC13357B}.Release|Any CPU.Build.0 = Release|Any CPU
		{80CBF55E-FFA9-44B3-A6AB-881E45F724F8}.Debug|Any CPU.ActiveCfg = Debug|Any CPU
		{80CBF55E-FFA9-44B3-A6AB-881E45F724F8}.Debug|Any CPU.Build.0 = Debug|Any CPU
		{80CBF55E-FFA9-44B3-A6AB-881E45F724F8}.Release|Any CPU.ActiveCfg = Release|Any CPU
		{80CBF55E-FFA9-44B3-A6AB-881E45F724F8}.Release|Any CPU.Build.0 = Release|Any CPU
		{26209752-11CF-496B-BB7F-EAD17FB0D3E5}.Debug|Any CPU.ActiveCfg = Debug|Any CPU
		{26209752-11CF-496B-BB7F-EAD17FB0D3E5}.Debug|Any CPU.Build.0 = Debug|Any CPU
		{26209752-11CF-496B-BB7F-EAD17FB0D3E5}.Release|Any CPU.ActiveCfg = Release|Any CPU
		{26209752-11CF-496B-BB7F-EAD17FB0D3E5}.Release|Any CPU.Build.0 = Release|Any CPU
	EndGlobalSection
	GlobalSection(SolutionProperties) = preSolution
		HideSolutionNode = FALSE
	EndGlobalSection
	GlobalSection(NestedProjects) = preSolution
		{CF3CD525-9DF9-46AC-960D-097B6B3FEF32} = {6CC7D749-A199-44D4-B66C-5F8502B7BA30}
		{21AF2077-EA73-42A1-BE31-F1EB24A02F62} = {AE0F8CB8-701E-49E8-83D9-622160F9E6DF}
		{DDAD6F71-D835-42DB-AA05-CAD07BFDDA4E} = {6CC7D749-A199-44D4-B66C-5F8502B7BA30}
		{17D73993-2C03-488B-80F0-2D66CC13357B} = {6CC7D749-A199-44D4-B66C-5F8502B7BA30}
		{80CBF55E-FFA9-44B3-A6AB-881E45F724F8} = {6CC7D749-A199-44D4-B66C-5F8502B7BA30}
		{26209752-11CF-496B-BB7F-EAD17FB0D3E5} = {AE0F8CB8-701E-49E8-83D9-622160F9E6DF}
	EndGlobalSection
	GlobalSection(ExtensibilityGlobals) = postSolution
		SolutionGuid = {5257E727-4340-43A7-BB63-A1A53A280F75}
	EndGlobalSection
EndGlobal
